{
  "name": "pdf_merger",
  "version": "1.0.0",
  "lockfileVersion": 3,
  "requires": true,
  "packages": {
    "": {
      "name": "pdf_merger",
      "version": "1.0.0",
      "license": "ISC",
      "devDependencies": {
        "@cantoo/pdf-lib": "^2.9.1",
        "@fontsource/ibm-plex-mono": "^5.3.0",
        "@fontsource/pixelify-sans": "^5.3.0",
        "fflate": "^0.8.3",
        "pdfjs-dist": "^6.2.108"
      }
    },
    "node_modules/@cantoo/pdf-lib": {
      "version": "2.9.1",
      "resolved": "https://registry.npmjs.org/@cantoo/pdf-lib/-/pdf-lib-2.9.1.tgz",
      "integrity": "sha512-wAKXXDjp5lO0wS6d+k0FRpmWsULb95WhHKYx2fonTbv4zIfuIdCBz2nyTVVDGJpNDLl6o4w9aSTxQisBvvd60A==",
      "dev": true,
      "license": "MIT",
      "dependencies": {
        "@pdf-lib/standard-fonts": "^1.0.0",
        "@pdf-lib/upng": "^1.0.1",
        "color": "^4.2.3",
        "html-entities": "^2.3.2",
        "node-html-better-parser": ">=1.5.9",
        "pako": "^2.2.0",
        "tslib": ">=2"
      },
      "peerDependencies": {
        "html-entities": "^2.3.2"
      }
    },
    "node_modules/@fontsource/ibm-plex-mono": {
      "version": "5.3.0",
      "resolved": "https://registry.npmjs.org/@fontsource/ibm-plex-mono/-/ibm-plex-mono-5.3.0.tgz",
      "integrity": "sha512-eTgnZjZEGk1QtD3ZstF+Vclo2HLAni8YMy34/DxllwZvyz1lR/1RF/xTiAquOBO7MvqBx8D2Ig2WCPMVfdZu7Q==",
      "dev": true,
      "license": "OFL-1.1",
      "funding": {
        "url": "https://github.com/sponsors/ayuhito"
      }
    },
    "node_modules/@fontsource/pixelify-sans": {
      "version": "5.3.0",
      "resolved": "https://registry.npmjs.org/@fontsource/pixelify-sans/-/pixelify-sans-5.3.0.tgz",
      "integrity": "sha512-4RCe9nXbi7wUu5+H0FNX1sgPZ2kJ1MmY1uTkEfvQIzzqhoS8zGKJaJfdK8oreE0OU+5gM+NdurFi3H3FJRBvyw==",
      "dev": true,
      "license": "OFL-1.1",
      "funding": {
        "url": "https://github.com/sponsors/ayuhito"
      }
    },
    "node_modules/@napi-rs/canvas": {
      "version": "1.0.7",
      "resolved": "https://registry.npmjs.org/@napi-rs/canvas/-/canvas-1.0.7.tgz",
      "integrity": "sha512-26wVFEgs6gbe7wmzCrud1pK8q6oOgcUu7OOF24BuazB8ZUCskU9ZSLrCjoWIFVxx09rjAxsXxPleaWowHvdPCA==",
      "dev": true,
      "license": "MIT",
      "optional": true,
      "workspaces": [
        "e2e/*"
      ],
      "engines": {
        "node": ">= 10"
      },
      "funding": {
        "type": "github",
        "url": "https://github.com/sponsors/Brooooooklyn"
      },
      "optionalDependencies": {
        "@napi-rs/canvas-android-arm64": "1.0.7",
        "@napi-rs/canvas-darwin-arm64": "1.0.7",
        "@napi-rs/canvas-darwin-x64": "1.0.7",
        "@napi-rs/canvas-linux-arm-gnueabihf": "1.0.7",
        "@napi-rs/canvas-linux-arm64-gnu": "1.0.7",
        "@napi-rs/canvas-linux-arm64-musl": "1.0.7",
        "@napi-rs/canvas-linux-riscv64-gnu": "1.0.7",
        "@napi-rs/canvas-linux-x64-gnu": "1.0.7",
        "@napi-rs/canvas-linux-x64-musl": "1.0.7",
        "@napi-rs/canvas-win32-arm64-msvc": "1.0.7",
        "@napi-rs/canvas-win32-x64-msvc": "1.0.7"
      }
    },
    "node_modules/@napi-rs/canvas-android-arm64": {
      "version": "1.0.7",
      "resolved": "https://registry.npmjs.org/@napi-rs/canvas-android-arm64/-/canvas-android-arm64-1.0.7.tgz",
      "integrity": "sha512-d5p4hHTykc/9PjiBXkvCH/IC5hT5jH7BjQ1u8ITq+G8x4VmvveOHdy/4BWYcC3ebWRmrG9zEc/oCTy+Yf3iZ4A==",
      "cpu": [
        "arm64"
      ],
      "dev": true,
      "license": "MIT",
      "optional": true,
      "os": [
        "android"
      ],
      "engines": {
        "node": ">= 10"
      },
      "funding": {
        "type": "github",
        "url": "https://github.com/sponsors/Brooooooklyn"
      }
    },
    "node_modules/@napi-rs/canvas-darwin-arm64": {
      "version": "1.0.7",
      "resolved": "https://registry.npmjs.org/@napi-rs/canvas-darwin-arm64/-/canvas-darwin-arm64-1.0.7.tgz",
      "integrity": "sha512-jKfZl2QDqBr6/Ap/8NKkX0Po9SFfVjUPBJbQQmYGVtQQIazWWIAO60riH3Mz2sOyysa2oJO39sLEfXerypu0vg==",
      "cpu": [
        "arm64"
      ],
      "dev": true,
      "license": "MIT",
      "optional": true,
      "os": [
        "darwin"
      ],
      "engines": {
        "node": ">= 10"
      },
      "funding": {
        "type": "github",
        "url": "https://github.com/sponsors/Brooooooklyn"
      }
    },
    "node_modules/@napi-rs/canvas-darwin-x64": {
      "version": "1.0.7",
      "resolved": "https://registry.npmjs.org/@napi-rs/canvas-darwin-x64/-/canvas-darwin-x64-1.0.7.tgz",
      "integrity": "sha512-v1asrnKBu0tD+sdSD2qVIUfhoXSrr8LFTn7z76pN+8xsiOrmFcAVty57R/5DB8ZNqNLKsUBDXFSrzf4Wt9NaSg==",
      "cpu": [
        "x64"
      ],
      "dev": true,
      "license": "MIT",
      "optional": true,
      "os": [
        "darwin"
      ],
      "engines": {
        "node": ">= 10"
      },
      "funding": {
        "type": "github",
        "url": "https://github.com/sponsors/Brooooooklyn"
      }
    },
    "node_modules/@napi-rs/canvas-linux-arm-gnueabihf": {
      "version": "1.0.7",
      "resolved": "https://registry.npmjs.org/@napi-rs/canvas-linux-arm-gnueabihf/-/canvas-linux-arm-gnueabihf-1.0.7.tgz",
      "integrity": "sha512-c4Hcu4L5bXCgLY8jrZ2hy/Avl65MsbfH9DqNWrrd9InbpBZZF/rmrh7XkgmTUmOFcUrt/PaFSBinW2C0moDgcA==",
      "cpu": [
        "arm"
      ],
      "dev": true,
      "license": "MIT",
      "optional": true,
      "os": [
        "linux"
      ],
      "engines": {
        "node": ">= 10"
      },
      "funding": {
        "type": "github",
        "url": "https://github.com/sponsors/Brooooooklyn"
      }
    },
    "node_modules/@napi-rs/canvas-linux-arm64-gnu": {
      "version": "1.0.7",
      "resolved": "https://registry.npmjs.org/@napi-rs/canvas-linux-arm64-gnu/-/canvas-linux-arm64-gnu-1.0.7.tgz",
      "integrity": "sha512-OVW6T1x65BTVfWb//xylCoWxbdII+nzHu3L5T035aerBAnZ5e0nmeTMkMEO9qQrVJq4WcWW8hp+T0dF+JvJPUQ==",
      "cpu": [
        "arm64"
      ],
      "dev": true,
      "license": "MIT",
      "optional": true,
      "os": [
        "linux"
      ],
      "engines": {
        "node": ">= 10"
      },
      "funding": {
        "type": "github",
        "url": "https://github.com/sponsors/Brooooooklyn"
      }
    },
    "node_modules/@napi-rs/canvas-linux-arm64-musl": {
      "version": "1.0.7",
      "resolved": "https://registry.npmjs.org/@napi-rs/canvas-linux-arm64-musl/-/canvas-linux-arm64-musl-1.0.7.tgz",
      "integrity": "sha512-KX/k1UO61XdKlXxhtIkq1ZUH8uP+NNK4vSrBcM2/4wWUUCZaG93BU5s0KuE9n+TFn0jEoqLSlXOuH1pYuV5dcQ==",
      "cpu": [
        "arm64"
      ],
      "dev": true,
      "license": "MIT",
      "optional": true,
      "os": [
        "linux"
      ],
      "engines": {
        "node": ">= 10"
      },
      "funding": {
        "type": "github",
        "url": "https://github.com/sponsors/Brooooooklyn"
      }
    },
    "node_modules/@napi-rs/canvas-linux-riscv64-gnu": {
      "version": "1.0.7",
      "resolved": "https://registry.npmjs.org/@napi-rs/canvas-linux-riscv64-gnu/-/canvas-linux-riscv64-gnu-1.0.7.tgz",
      "integrity": "sha512-r+0Bg+fK8r2AsrbeT7JwBUAERZSjlyhfAMQfZE/zxYGmbswS92hN0FPjynVWbeuz5fIrLfZ6JA5pH8V6drN6qw==",
      "cpu": [
        "riscv64"
      ],
      "dev": true,
      "license": "MIT",
      "optional": true,
      "os": [
        "linux"
      ],
      "engines": {
        "node": ">= 10"
      },
      "funding": {
        "type": "github",
        "url": "https://github.com/sponsors/Brooooooklyn"
      }
    },
    "node_modules/@napi-rs/canvas-linux-x64-gnu": {
      "version": "1.0.7",
      "resolved": "https://registry.npmjs.org/@napi-rs/canvas-linux-x64-gnu/-/canvas-linux-x64-gnu-1.0.7.tgz",
      "integrity": "sha512-0tT9KzEcTfb6MWdUWIDfy6uq6UNF691r/9NfXxxl8s9+G5QrD7VP1UC+PAwzsCzJTClIKyidNau/grYTL+QmHw==",
      "cpu": [
        "x64"
      ],
      "dev": true,
      "license": "MIT",
      "optional": true,
      "os": [
        "linux"
      ],
      "engines": {
        "node": ">= 10"
      },
      "funding": {
        "type": "github",
        "url": "https://github.com/sponsors/Brooooooklyn"
      }
    },
    "node_modules/@napi-rs/canvas-linux-x64-musl": {
      "version": "1.0.7",
      "resolved": "https://registry.npmjs.org/@napi-rs/canvas-linux-x64-musl/-/canvas-linux-x64-musl-1.0.7.tgz",
      "integrity": "sha512-rvT0xo1xA+C7e+U/2ngsxWsl9gC5knHU+z8KTT5VK0Zos4AQbWZvtjvegrmzxm4o2yHE32Lexj6CDEJNvuTczA==",
      "cpu": [
        "x64"
      ],
      "dev": true,
      "license": "MIT",
      "optional": true,
      "os": [
        "linux"
      ],
      "engines": {
        "node": ">= 10"
      },
      "funding": {
        "type": "github",
        "url": "https://github.com/sponsors/Brooooooklyn"
      }
    },
    "node_modules/@napi-rs/canvas-win32-arm64-msvc": {
      "version": "1.0.7",
      "resolved": "https://registry.npmjs.org/@napi-rs/canvas-win32-arm64-msvc/-/canvas-win32-arm64-msvc-1.0.7.tgz",
      "integrity": "sha512-N6s3yoFFPUDkfRpjUiKERVYkli7ex5Sf0Bu/My6D6gOGYxYolC1KvL6x8U0aN+ScCWAzbkIWcMYR9g0OGsFuVw==",
      "cpu": [
        "arm64"
      ],
      "dev": true,
      "license": "MIT",
      "optional": true,
      "os": [
        "win32"
      ],
      "engines": {
        "node": ">= 10"
      },
      "funding": {
        "type": "github",
        "url": "https://github.com/sponsors/Brooooooklyn"
      }
    },
    "node_modules/@napi-rs/canvas-win32-x64-msvc": {
      "version": "1.0.7",
      "resolved": "https://registry.npmjs.org/@napi-rs/canvas-win32-x64-msvc/-/canvas-win32-x64-msvc-1.0.7.tgz",
      "integrity": "sha512-SKTNdBV/ljfhkPsLhXjm4x2PQ0ILpc0PhkBzRHuroJXidZUaF5yh0j3s3dIzB8PrRmW+nEASzyMTaWT3nH1ywQ==",
      "cpu": [
        "x64"
      ],
      "dev": true,
      "license": "MIT",
      "optional": true,
      "os": [
        "win32"
      ],
      "engines": {
        "node": ">= 10"
      },
      "funding": {
        "type": "github",
        "url": "https://github.com/sponsors/Brooooooklyn"
      }
    },
    "node_modules/@pdf-lib/standard-fonts": {
      "version": "1.0.0",
      "resolved": "https://registry.npmjs.org/@pdf-lib/standard-fonts/-/standard-fonts-1.0.0.tgz",
      "integrity": "sha512-hU30BK9IUN/su0Mn9VdlVKsWBS6GyhVfqjwl1FjZN4TxP6cCw0jP2w7V3Hf5uX7M0AZJ16vey9yE0ny7Sa59ZA==",
      "dev": true,
      "license": "MIT",
      "dependencies": {
        "pako": "^1.0.6"
      }
    },
    "node_modules/@pdf-lib/standard-fonts/node_modules/pako": {
      "version": "1.0.11",
      "resolved": "https://registry.npmjs.org/pako/-/pako-1.0.11.tgz",
      "integrity": "sha512-4hLB8Py4zZce5s4yd9XzopqwVv/yGNhV1Bl8NTmCq1763HeK2+EwVTv+leGeL13Dnh2wfbqowVPXCIO0z4taYw==",
      "dev": true,
      "license": "(MIT AND Zlib)"
    },
    "node_modules/@pdf-lib/upng": {
      "version": "1.0.1",
      "resolved": "https://registry.npmjs.org/@pdf-lib/upng/-/upng-1.0.1.tgz",
      "integrity": "sha512-dQK2FUMQtowVP00mtIksrlZhdFXQZPC+taih1q4CvPZ5vqdxR/LKBaFg0oAfzd1GlHZXXSPdQfzQnt+ViGvEIQ==",
      "dev": true,
      "license": "MIT",
      "dependencies": {
        "pako": "^1.0.10"
      }
    },
    "node_modules/@pdf-lib/upng/node_modules/pako": {
      "version": "1.0.11",
      "resolved": "https://registry.npmjs.org/pako/-/pako-1.0.11.tgz",
      "integrity": "sha512-4hLB8Py4zZce5s4yd9XzopqwVv/yGNhV1Bl8NTmCq1763HeK2+EwVTv+leGeL13Dnh2wfbqowVPXCIO0z4taYw==",
      "dev": true,
      "license": "(MIT AND Zlib)"
    },
    "node_modules/color": {
      "version": "4.2.3",
      "resolved": "https://registry.npmjs.org/color/-/color-4.2.3.tgz",
      "integrity": "sha512-1rXeuUUiGGrykh+CeBdu5Ie7OJwinCgQY0bc7GCRxy5xVHy+moaqkpL/jqQq0MtQOeYcrqEz4abc5f0KtU7W4A==",
      "dev": true,
      "license": "MIT",
      "dependencies": {
        "color-convert": "^2.0.1",
        "color-string": "^1.9.0"
      },
      "engines": {
        "node": ">=12.5.0"
      }
    },
    "node_modules/color-convert": {
      "version": "2.0.1",
      "resolved": "https://registry.npmjs.org/color-convert/-/color-convert-2.0.1.tgz",
      "integrity": "sha512-RRECPsj7iu/xb5oKYcsFHSppFNnsj/52OVTRKb4zP5onXwVF3zVmmToNcOfGC+CRDpfK/U584fMg38ZHCaElKQ==",
      "dev": true,
      "license": "MIT",
      "dependencies": {
        "color-name": "~1.1.4"
      },
      "engines": {
        "node": ">=7.0.0"
      }
    },
    "node_modules/color-name": {
      "version": "1.1.4",
      "resolved": "https://registry.npmjs.org/color-name/-/color-name-1.1.4.tgz",
      "integrity": "sha512-dOy+3AuW3a2wNbZHIuMZpTcgjGuLU/uBL/ubcZF9OXbDo8ff4O8yVp5Bf0efS8uEoYo5q4Fx7dY9OgQGXgAsQA==",
      "dev": true,
      "license": "MIT"
    },
    "node_modules/color-string": {
      "version": "1.9.1",
      "resolved": "https://registry.npmjs.org/color-string/-/color-string-1.9.1.tgz",
      "integrity": "sha512-shrVawQFojnZv6xM40anx4CkoDP+fZsw/ZerEMsW/pyzsRbElpsL/DBVW7q3ExxwusdNXI3lXpuhEZkzs8p5Eg==",
      "dev": true,
      "license": "MIT",
      "dependencies": {
        "color-name": "^1.0.0",
        "simple-swizzle": "^0.2.2"
      }
    },
    "node_modules/fflate": {
      "version": "0.8.3",
      "resolved": "https://registry.npmjs.org/fflate/-/fflate-0.8.3.tgz",
      "integrity": "sha512-tbZNuJrLwGUp3zshBtdy4W+ORxZuIh8a5ilyIEQDC5rY1f3U20JMry0Ll3WBzU58EZKsEuJFXhb5gwv8CsPvgA==",
      "dev": true,
      "license": "MIT"
    },
    "node_modules/html-entities": {
      "version": "2.6.0",
      "resolved": "https://registry.npmjs.org/html-entities/-/html-entities-2.6.0.tgz",
      "integrity": "sha512-kig+rMn/QOVRvr7c86gQ8lWXq+Hkv6CbAH1hLu+RG338StTpE8Z0b44SDVaqVu7HGKf27frdmUYEs9hTUX/cLQ==",
      "dev": true,
      "funding": [
        {
          "type": "github",
          "url": "https://github.com/sponsors/mdevils"
        },
        {
          "type": "patreon",
          "url": "https://patreon.com/mdevils"
        }
      ],
      "license": "MIT"
    },
    "node_modules/is-arrayish": {
      "version": "0.3.4",
      "resolved": "https://registry.npmjs.org/is-arrayish/-/is-arrayish-0.3.4.tgz",
      "integrity": "sha512-m6UrgzFVUYawGBh1dUsWR5M2Clqic9RVXC/9f8ceNlv2IcO9j9J/z8UoCLPqtsPBFNzEpfR3xftohbfqDx8EQA==",
      "dev": true,
      "license": "MIT"
    },
    "node_modules/node-html-better-parser": {
      "version": "1.5.9",
      "resolved": "https://registry.npmjs.org/node-html-better-parser/-/node-html-better-parser-1.5.9.tgz",
      "integrity": "sha512-z1I5UINMezJXYL9cH3h0a9KBth2G978gSLlfkpQ+CQzzVHVQy9gpARgm9eDsz1O4gn1HtgUqjdAIYxKFZm6uHQ==",
      "dev": true,
      "license": "MIT",
      "dependencies": {
        "html-entities": "^2.3.2"
      }
    },
    "node_modules/pako": {
      "version": "2.2.0",
      "resolved": "https://registry.npmjs.org/pako/-/pako-2.2.0.tgz",
      "integrity": "sha512-zJq6RP/5q+TO2OpFV3FHzlPnFjmkb7Nc99a5SNjJE+uu/PkpChs+NIZSSzbBoD+6kjiISXjfYdwj1ZRQ81dz/w==",
      "dev": true,
      "funding": [
        {
          "type": "github",
          "url": "https://github.com/sponsors/puzrin"
        },
        {
          "type": "github",
          "url": "https://github.com/sponsors/nodeca"
        }
      ],
      "license": "(MIT AND Zlib)"
    },
    "node_modules/pdfjs-dist": {
      "version": "6.2.108",
      "resolved": "https://registry.npmjs.org/pdfjs-dist/-/pdfjs-dist-6.2.108.tgz",
      "integrity": "sha512-YxFb+SQcodN2rnX9Tn3dHYlqfb7NjlzzfONPpJd+AKoKtUjEdevTfbC07d5TcczzOK6261auRkP/M8OBHs9vFQ==",
      "dev": true,
      "license": "Apache-2.0",
      "engines": {
        "node": ">=22.13.0 || >=24"
      },
      "optionalDependencies": {
        "@napi-rs/canvas": "^1.0.0"
      }
    },
    "node_modules/simple-swizzle": {
      "version": "0.2.4",
      "resolved": "https://registry.npmjs.org/simple-swizzle/-/simple-swizzle-0.2.4.tgz",
      "integrity": "sha512-nAu1WFPQSMNr2Zn9PGSZK9AGn4t/y97lEm+MXTtUDwfP0ksAIX4nO+6ruD9Jwut4C49SB1Ws+fbXsm/yScWOHw==",
      "dev": true,
      "license": "MIT",
      "dependencies": {
        "is-arrayish": "^0.3.1"
      }
    },
    "node_modules/tslib": {
      "version": "2.8.1",
      "resolved": "https://registry.npmjs.org/tslib/-/tslib-2.8.1.tgz",
      "integrity": "sha512-oJFu94HQb+KVduSUQL7wnpmqnfmLsOA/nAh6b6EH0wCEoK0/mPeXU6c3wKDV83MkOuHPRHtSXKKU99IBazS/2w==",
      "dev": true,
      "license": "0BSD"
    }
  }
}
